<?xml version="1.0" encoding="utf-8"?>
<Project ToolsVersion="4.0" xmlns="http://schemas.microsoft.com/developer/msbuild/2003">
  <ItemGroup>
    <Filter Include="Source Files">
      <UniqueIdentifier>{4FC737F1-C7A5-4376-A066-2A32D752A2FF}</UniqueIdentifier>
      <Extensions>cpp;c;cc;cxx;def;odl;idl;hpj;bat;asm;asmx</Extensions>
    </Filter>
    <Filter Include="Header Files">
      <UniqueIdentifier>{93995380-89BD-4b04-88EB-625FBE52EBFB}</UniqueIdentifier>
      <Extensions>h;hh;hpp;hxx;hm;inl;inc;xsd</Extensions>
    </Filter>
    <Filter Include="Resource Files">
      <UniqueIdentifier>{67DA6AB6-F800-4c08-8B7A-83BB121AAD01}</UniqueIdentifier>
      <Extensions>rc;ico;cur;bmp;dlg;rc2;rct;bin;rgs;gif;jpg;jpeg;jpe;resx;tiff;tif;png;wav;mfcribbon-ms</Extensions>
    </Filter>
    <Filter Include="Shader Files">
      <UniqueIdentifier>{e51382d3-5800-4203-a233-7495ca630054}</UniqueIdentifier>
    </Filter>
    <Filter Include="Header Files\Object">
      <UniqueIdentifier>{3bd47bb1-7ff7-43df-8741-9858b730c6e3}</UniqueIdentifier>
    </Filter>
    <Filter Include="Source Files\Object">
      <UniqueIdentifier>{e615c9e7-3fca-4e5e-a8f3-7a3e6cebc897}</UniqueIdentifier>
    </Filter>
    <Filter Include="Header Files\Environment">
      <UniqueIdentifier>{664072e4-3e12-4f88-906d-129d8d0fa630}</UniqueIdentifier>
    </Filter>
    <Filter Include="Source Files\Environment">
      <UniqueIdentifier>{de80d4c4-6feb-4e5b-a0ef-3f35925574ce}</UniqueIdentifier>
    </Filter>
    <Filter Include="Header Files\Utility">
      <UniqueIdentifier>{2546ef27-8106-4cfd-bfaf-c7ce18b04cce}</UniqueIdentifier>
    </Filter>
    <Filter Include="Source Files\Utility">
      <UniqueIdentifier>{5f9ad9ce-a0a2-403f-a1f4-8a099f37b99a}</UniqueIdentifier>
    </Filter>
  </ItemGroup>
  <ItemGroup>
    <ClInclude Include="src/resource.h">
      <Filter>Header Files</Filter>
    </ClInclude>
    <ClInclude Include="src/stdafx.h">
      <Filter>Header Files</Filter>
    </ClInclude>
    <ClInclude Include="src/targetver.h">
      <Filter>Header Files</Filter>
    </ClInclude>
    <ClInclude Include="src/Geo_Object.h">
      <Filter>Header Files\Object</Filter>
    </ClInclude>
    <ClInclude Include="src/Instance_Object.h">
      <Filter>Header Files\Object</Filter>
    </ClInclude>
    <ClInclude Include="src/Obj_Object.h">
      <Filter>Header Files\Object</Filter>
    </ClInclude>
    <ClInclude Include="src/Object.h">
      <Filter>Header Files\Object</Filter>
    </ClInclude>
    <ClInclude Include="src/Skybox.h">
      <Filter>Header Files\Object</Filter>
    </ClInclude>
    <ClInclude Include="src\Land.h">
      <Filter>Header Files\Environment</Filter>
    </ClInclude>
    <ClInclude Include="src\Terrain.h">
      <Filter>Header Files\Environment</Filter>
    </ClInclude>
    <ClInclude Include="src/Camera.h">
      <Filter>Header Files\Utility</Filter>
    </ClInclude>
    <ClInclude Include="src/Light.h">
      <Filter>Header Files\Utility</Filter>
    </ClInclude>
    <ClInclude Include="src/Material.h">
      <Filter>Header Files\Utility</Filter>
    </ClInclude>
    <ClInclude Include="src/ResourceManager.h">
      <Filter>Header Files\Utility</Filter>
    </ClInclude>
    <ClInclude Include="src/Shader.h">
      <Filter>Header Files\Utility</Filter>
    </ClInclude>
    <ClInclude Include="src/Window.h">
      <Filter>Header Files\Utility</Filter>
    </ClInclude>
  </ItemGroup>
  <ItemGroup>
    <ClCompile Include="src/main.cpp">
      <Filter>Source Files</Filter>
    </ClCompile>
    <ClCompile Include="src/stdafx.cpp">
      <Filter>Source Files</Filter>
    </ClCompile>
    <ClCompile Include="src/Geo_Object.cpp">
      <Filter>Source Files\Object</Filter>
    </ClCompile>
    <ClCompile Include="src/Instance_Object.cpp">
      <Filter>Source Files\Object</Filter>
    </ClCompile>
    <ClCompile Include="src/Obj_Object.cpp">
      <Filter>Source Files\Object</Filter>
    </ClCompile>
    <ClCompile Include="src/Object.cpp">
      <Filter>Source Files\Object</Filter>
    </ClCompile>
    <ClCompile Include="src/Skybox.cpp">
      <Filter>Source Files\Object</Filter>
    </ClCompile>
    <ClCompile Include="src\Land.cpp">
      <Filter>Source Files\Environment</Filter>
    </ClCompile>
    <ClCompile Include="src/Camera.cpp">
      <Filter>Source Files\Utility</Filter>
    </ClCompile>
    <ClCompile Include="src/Light.cpp">
      <Filter>Source Files\Utility</Filter>
    </ClCompile>
    <ClCompile Include="src/Material.cpp">
      <Filter>Source Files\Utility</Filter>
    </ClCompile>
    <ClCompile Include="src/ResourceManager.cpp">
      <Filter>Source Files\Utility</Filter>
    </ClCompile>
    <ClCompile Include="src/Shader.cpp">
      <Filter>Source Files\Utility</Filter>
    </ClCompile>
    <ClCompile Include="src\Terrain.cpp">
      <Filter>Source Files\Environment</Filter>
    </ClCompile>
    <ClCompile Include="src/Window.cpp">
      <Filter>Source Files\Utility</Filter>
    </ClCompile>
  </ItemGroup>
  <ItemGroup>
    <None Include="packages.config" />
    <None Include="shaders\skybox.frag">
      <Filter>Shader Files</Filter>
    </None>
    <None Include="shaders\skybox.vert">
      <Filter>Shader Files</Filter>
    </None>
    <None Include="shaders\object.frag">
      <Filter>Shader Files</Filter>
    </None>
    <None Include="shaders\object.vert">
      <Filter>Shader Files</Filter>
    </None>
  </ItemGroup>
  <ItemGroup>
    <ResourceCompile Include="OpenGL.rc">
      <Filter>Resource Files</Filter>
    </ResourceCompile>
  </ItemGroup>
</Project>